
Microsoft Visual Studio Solution File, Format Version 12.00
# Visual Studio Version 17
VisualStudioVersion = 17.14.36414.22 d17.14
MinimumVisualStudioVersion = 10.0.40219.1
Project("{FAE04EC0-301F-11D3-BF4B-00C04F79EFBC}") = "ApiClientes", "ApiClientes\ApiClientes.csproj", "{1CE883BC-91F8-4231-9911-E6E6811E6043}"
EndProject
Global
	GlobalSection(SolutionConfigurationPlatforms) = preSolution
		Debug|Any CPU = Debug|Any CPU
		Release|Any CPU = Release|Any CPU
	EndGlobalSection
	GlobalSection(ProjectConfigurationPlatforms) = postSolution
		{1CE883BC-91F8-4231-9911-E6E6811E6043}.Debug|Any CPU.ActiveCfg = Debug|Any CPU
		{1CE883BC-91F8-4231-9911-E6E6811E6043}.Debug|Any CPU.Build.0 = Debug|Any CPU
		{1CE883BC-91F8-4231-9911-E6E6811E6043}.Release|Any CPU.ActiveCfg = Release|Any CPU
		{1CE883BC-91F8-4231-9911-E6E6811E6043}.Release|Any CPU.Build.0 = Release|Any CPU
	EndGlobalSection
	GlobalSection(SolutionProperties) = preSolution
		HideSolutionNode = FALSE
	EndGlobalSection
	GlobalSection(ExtensibilityGlobals) = postSolution
		SolutionGuid = {F7C89233-6AD4-429F-BE52-575FA7E80BA0}
	EndGlobalSection
EndGlobal
